{
  "lockfile-version": 1,
  "manifest": {
    "schema-version": "1.10.0",
    "hook": {
      "on-activate": "    kubectl config use-context r440\n    kubectl config set-context --current --namespace=vms\n"
    },
    "profile": {},
    "options": {},
    "services": {
      "k8s-tunnel": {
        "command": "ssh -N r440-k8s-tunnel"
      }
    }
  },
  "packages": []
}
